{
  "originHash" : "60059a37368db78ba60f3c8f384104046d0c086757223a105f0613e09f24a20d",
  "pins" : [
    {
      "identity" : "swiftfp",
      "kind" : "remoteSourceControl",
      "location" : "https://github.com/ShapovalovIlya/SwiftFP.git",
      "state" : {
        "branch" : "main",
        "revision" : "97f31e13d565be3b89dc88adbb262e7826195054"
      }
    }
  ],
  "version" : 3
}
