{
  "pins" : [
    {
      "identity" : "swiftfp",
      "kind" : "remoteSourceControl",
      "location" : "https://github.com/ShapovalovIlya/SwiftFP.git",
      "state" : {
        "branch" : "main",
        "revision" : "1b219a0aa3087102444f8ea0075124f516614e25"
      }
    }
  ],
  "version" : 2
}
